
Microsoft Visual Studio Solution File, Format Version 12.00
# Visual Studio Version 16
VisualStudioVersion = 16.0.31205.134
MinimumVisualStudioVersion = 10.0.40219.1
Project("{FAE04EC0-301F-11D3-BF4B-00C04F79EFBC}") = "UserCRUD", "UserCRUD\UserCRUD.csproj", "{D36360D4-8F82-4D80-A308-64CFF77B1938}"
EndProject
Global
	GlobalSection(SolutionConfigurationPlatforms) = preSolution
		Debug|Any CPU = Debug|Any CPU
		Release|Any CPU = Release|Any CPU
	EndGlobalSection
	GlobalSection(ProjectConfigurationPlatforms) = postSolution
		{D36360D4-8F82-4D80-A308-64CFF77B1938}.Debug|Any CPU.ActiveCfg = Debug|Any CPU
		{D36360D4-8F82-4D80-A308-64CFF77B1938}.Debug|Any CPU.Build.0 = Debug|Any CPU
		{D36360D4-8F82-4D80-A308-64CFF77B1938}.Release|Any CPU.ActiveCfg = Release|Any CPU
		{D36360D4-8F82-4D80-A308-64CFF77B1938}.Release|Any CPU.Build.0 = Release|Any CPU
	EndGlobalSection
	GlobalSection(SolutionProperties) = preSolution
		HideSolutionNode = FALSE
	EndGlobalSection
	GlobalSection(ExtensibilityGlobals) = postSolution
		SolutionGuid = {F53B6B5A-63BC-4528-B595-8637E9B608AA}
	EndGlobalSection
EndGlobal
